
Microsoft Visual Studio Solution File, Format Version 12.00
# Visual Studio 15
VisualStudioVersion = 15.0.27004.2002
MinimumVisualStudioVersion = 10.0.40219.1
Project("{FAE04EC0-301F-11D3-BF4B-00C04F79EFBC}") = "zzzdkjs", "zzzdkjs\zzzdkjs.csproj", "{1D54F9B1-C374-4514-AA7B-9DAD302A50E8}"
EndProject
Project("{FAE04EC0-301F-11D3-BF4B-00C04F79EFBC}") = "ExcelParse", "ExcelParse\ExcelParse.csproj", "{4DD4C3E4-8627-4DCC-A3DA-8A754D78468F}"
EndProject
Project("{FAE04EC0-301F-11D3-BF4B-00C04F79EFBC}") = "DllTest", "DllTest\DllTest.csproj", "{A643F987-1C51-48B3-8AF8-C8931086813F}"
EndProject
Project("{FAE04EC0-301F-11D3-BF4B-00C04F79EFBC}") = "FiberRecord", "FiberRecord\FiberRecord.csproj", "{976897AC-3B0B-41DC-A216-EEB52FAB7048}"
EndProject
Project("{FAE04EC0-301F-11D3-BF4B-00C04F79EFBC}") = "BasicDadaHandle", "BasicDadaHandle\BasicDadaHandle.csproj", "{CFF091E3-BF8D-4D05-999F-B813989D3CD7}"
EndProject
Project("{FAE04EC0-301F-11D3-BF4B-00C04F79EFBC}") = "IDataParse", "IDataParse\IDataParse.csproj", "{A95054C9-3E6F-4B6C-877A-7EEBF7B11A7F}"
EndProject
Project("{FAE04EC0-301F-11D3-BF4B-00C04F79EFBC}") = "Delegate", "Delegate\Delegate.csproj", "{3ABF2D9C-0736-45F7-AEF5-ACE8EE16F6A7}"
EndProject
Project("{FAE04EC0-301F-11D3-BF4B-00C04F79EFBC}") = "MapControl", "MapControl\MapControl.csproj", "{54253EB3-EFB4-4B76-A425-4388F3799784}"
EndProject
Project("{262852C6-CD72-467D-83FE-5EEB1973A190}") = "BaiduMapCtrl", "BaiduMapCtrl\BaiduMapCtrl.jsproj", "{C1C17E1B-8D7E-4DE7-837A-DB3A0E6D790E}"
EndProject
Project("{FAE04EC0-301F-11D3-BF4B-00C04F79EFBC}") = "XMLHelper", "XMLParse\XMLHelper.csproj", "{AC5BB80E-3A6D-4760-99CF-69ECFD8B6E3E}"
EndProject
Global
	GlobalSection(SolutionConfigurationPlatforms) = preSolution
		Debug|Any CPU = Debug|Any CPU
		Debug|ARM = Debug|ARM
		Debug|x64 = Debug|x64
		Debug|x86 = Debug|x86
		Release|Any CPU = Release|Any CPU
		Release|ARM = Release|ARM
		Release|x64 = Release|x64
		Release|x86 = Release|x86
	EndGlobalSection
	GlobalSection(ProjectConfigurationPlatforms) = postSolution
		{1D54F9B1-C374-4514-AA7B-9DAD302A50E8}.Debug|Any CPU.ActiveCfg = Debug|Any CPU
		{1D54F9B1-C374-4514-AA7B-9DAD302A50E8}.Debug|Any CPU.Build.0 = Debug|Any CPU
		{1D54F9B1-C374-4514-AA7B-9DAD302A50E8}.Debug|ARM.ActiveCfg = Debug|Any CPU
		{1D54F9B1-C374-4514-AA7B-9DAD302A50E8}.Debug|ARM.Build.0 = Debug|Any CPU
		{1D54F9B1-C374-4514-AA7B-9DAD302A50E8}.Debug|x64.ActiveCfg = Debug|Any CPU
		{1D54F9B1-C374-4514-AA7B-9DAD302A50E8}.Debug|x64.Build.0 = Debug|Any CPU
		{1D54F9B1-C374-4514-AA7B-9DAD302A50E8}.Debug|x86.ActiveCfg = Debug|Any CPU
		{1D54F9B1-C374-4514-AA7B-9DAD302A50E8}.Debug|x86.Build.0 = Debug|Any CPU
		{1D54F9B1-C374-4514-AA7B-9DAD302A50E8}.Release|Any CPU.ActiveCfg = Release|Any CPU
		{1D54F9B1-C374-4514-AA7B-9DAD302A50E8}.Release|Any CPU.Build.0 = Release|Any CPU
		{1D54F9B1-C374-4514-AA7B-9DAD302A50E8}.Release|ARM.ActiveCfg = Release|Any CPU
		{1D54F9B1-C374-4514-AA7B-9DAD302A50E8}.Release|ARM.Build.0 = Release|Any CPU
		{1D54F9B1-C374-4514-AA7B-9DAD302A50E8}.Release|x64.ActiveCfg = Release|Any CPU
		{1D54F9B1-C374-4514-AA7B-9DAD302A50E8}.Release|x64.Build.0 = Release|Any CPU
		{1D54F9B1-C374-4514-AA7B-9DAD302A50E8}.Release|x86.ActiveCfg = Release|Any CPU
		{1D54F9B1-C374-4514-AA7B-9DAD302A50E8}.Release|x86.Build.0 = Release|Any CPU
		{4DD4C3E4-8627-4DCC-A3DA-8A754D78468F}.Debug|Any CPU.ActiveCfg = Debug|Any CPU
		{4DD4C3E4-8627-4DCC-A3DA-8A754D78468F}.Debug|Any CPU.Build.0 = Debug|Any CPU
		{4DD4C3E4-8627-4DCC-A3DA-8A754D78468F}.Debug|ARM.ActiveCfg = Debug|Any CPU
		{4DD4C3E4-8627-4DCC-A3DA-8A754D78468F}.Debug|ARM.Build.0 = Debug|Any CPU
		{4DD4C3E4-8627-4DCC-A3DA-8A754D78468F}.Debug|x64.ActiveCfg = Debug|Any CPU
		{4DD4C3E4-8627-4DCC-A3DA-8A754D78468F}.Debug|x64.Build.0 = Debug|Any CPU
		{4DD4C3E4-8627-4DCC-A3DA-8A754D78468F}.Debug|x86.ActiveCfg = Debug|Any CPU
		{4DD4C3E4-8627-4DCC-A3DA-8A754D78468F}.Debug|x86.Build.0 = Debug|Any CPU
		{4DD4C3E4-8627-4DCC-A3DA-8A754D78468F}.Release|Any CPU.ActiveCfg = Release|Any CPU
		{4DD4C3E4-8627-4DCC-A3DA-8A754D78468F}.Release|Any CPU.Build.0 = Release|Any CPU
		{4DD4C3E4-8627-4DCC-A3DA-8A754D78468F}.Release|ARM.ActiveCfg = Release|Any CPU
		{4DD4C3E4-8627-4DCC-A3DA-8A754D78468F}.Release|ARM.Build.0 = Release|Any CPU
		{4DD4C3E4-8627-4DCC-A3DA-8A754D78468F}.Release|x64.ActiveCfg = Release|Any CPU
		{4DD4C3E4-8627-4DCC-A3DA-8A754D78468F}.Release|x64.Build.0 = Release|Any CPU
		{4DD4C3E4-8627-4DCC-A3DA-8A754D78468F}.Release|x86.ActiveCfg = Release|Any CPU
		{4DD4C3E4-8627-4DCC-A3DA-8A754D78468F}.Release|x86.Build.0 = Release|Any CPU
		{A643F987-1C51-48B3-8AF8-C8931086813F}.Debug|Any CPU.ActiveCfg = Debug|Any CPU
		{A643F987-1C51-48B3-8AF8-C8931086813F}.Debug|Any CPU.Build.0 = Debug|Any CPU
		{A643F987-1C51-48B3-8AF8-C8931086813F}.Debug|ARM.ActiveCfg = Debug|Any CPU
		{A643F987-1C51-48B3-8AF8-C8931086813F}.Debug|ARM.Build.0 = Debug|Any CPU
		{A643F987-1C51-48B3-8AF8-C8931086813F}.Debug|x64.ActiveCfg = Debug|Any CPU
		{A643F987-1C51-48B3-8AF8-C8931086813F}.Debug|x64.Build.0 = Debug|Any CPU
		{A643F987-1C51-48B3-8AF8-C8931086813F}.Debug|x86.ActiveCfg = Debug|Any CPU
		{A643F987-1C51-48B3-8AF8-C8931086813F}.Debug|x86.Build.0 = Debug|Any CPU
		{A643F987-1C51-48B3-8AF8-C8931086813F}.Release|Any CPU.ActiveCfg = Release|Any CPU
		{A643F987-1C51-48B3-8AF8-C8931086813F}.Release|Any CPU.Build.0 = Release|Any CPU
		{A643F987-1C51-48B3-8AF8-C8931086813F}.Release|ARM.ActiveCfg = Release|Any CPU
		{A643F987-1C51-48B3-8AF8-C8931086813F}.Release|ARM.Build.0 = Release|Any CPU
		{A643F987-1C51-48B3-8AF8-C8931086813F}.Release|x64.ActiveCfg = Release|Any CPU
		{A643F987-1C51-48B3-8AF8-C8931086813F}.Release|x64.Build.0 = Release|Any CPU
		{A643F987-1C51-48B3-8AF8-C8931086813F}.Release|x86.ActiveCfg = Release|Any CPU
		{A643F987-1C51-48B3-8AF8-C8931086813F}.Release|x86.Build.0 = Release|Any CPU
		{976897AC-3B0B-41DC-A216-EEB52FAB7048}.Debug|Any CPU.ActiveCfg = Debug|Any CPU
		{976897AC-3B0B-41DC-A216-EEB52FAB7048}.Debug|Any CPU.Build.0 = Debug|Any CPU
		{976897AC-3B0B-41DC-A216-EEB52FAB7048}.Debug|ARM.ActiveCfg = Debug|Any CPU
		{976897AC-3B0B-41DC-A216-EEB52FAB7048}.Debug|ARM.Build.0 = Debug|Any CPU
		{976897AC-3B0B-41DC-A216-EEB52FAB7048}.Debug|x64.ActiveCfg = Debug|Any CPU
		{976897AC-3B0B-41DC-A216-EEB52FAB7048}.Debug|x64.Build.0 = Debug|Any CPU
		{976897AC-3B0B-41DC-A216-EEB52FAB7048}.Debug|x86.ActiveCfg = Debug|Any CPU
		{976897AC-3B0B-41DC-A216-EEB52FAB7048}.Debug|x86.Build.0 = Debug|Any CPU
		{976897AC-3B0B-41DC-A216-EEB52FAB7048}.Release|Any CPU.ActiveCfg = Release|Any CPU
		{976897AC-3B0B-41DC-A216-EEB52FAB7048}.Release|Any CPU.Build.0 = Release|Any CPU
		{976897AC-3B0B-41DC-A216-EEB52FAB7048}.Release|ARM.ActiveCfg = Release|Any CPU
		{976897AC-3B0B-41DC-A216-EEB52FAB7048}.Release|ARM.Build.0 = Release|Any CPU
		{976897AC-3B0B-41DC-A216-EEB52FAB7048}.Release|x64.ActiveCfg = Release|Any CPU
		{976897AC-3B0B-41DC-A216-EEB52FAB7048}.Release|x64.Build.0 = Release|Any CPU
		{976897AC-3B0B-41DC-A216-EEB52FAB7048}.Release|x86.ActiveCfg = Release|Any CPU
		{976897AC-3B0B-41DC-A216-EEB52FAB7048}.Release|x86.Build.0 = Release|Any CPU
		{CFF091E3-BF8D-4D05-999F-B813989D3CD7}.Debug|Any CPU.ActiveCfg = Debug|Any CPU
		{CFF091E3-BF8D-4D05-999F-B813989D3CD7}.Debug|Any CPU.Build.0 = Debug|Any CPU
		{CFF091E3-BF8D-4D05-999F-B813989D3CD7}.Debug|ARM.ActiveCfg = Debug|Any CPU
		{CFF091E3-BF8D-4D05-999F-B813989D3CD7}.Debug|ARM.Build.0 = Debug|Any CPU
		{CFF091E3-BF8D-4D05-999F-B813989D3CD7}.Debug|x64.ActiveCfg = Debug|Any CPU
		{CFF091E3-BF8D-4D05-999F-B813989D3CD7}.Debug|x64.Build.0 = Debug|Any CPU
		{CFF091E3-BF8D-4D05-999F-B813989D3CD7}.Debug|x86.ActiveCfg = Debug|Any CPU
		{CFF091E3-BF8D-4D05-999F-B813989D3CD7}.Debug|x86.Build.0 = Debug|Any CPU
		{CFF091E3-BF8D-4D05-999F-B813989D3CD7}.Release|Any CPU.ActiveCfg = Release|Any CPU
		{CFF091E3-BF8D-4D05-999F-B813989D3CD7}.Release|Any CPU.Build.0 = Release|Any CPU
		{CFF091E3-BF8D-4D05-999F-B813989D3CD7}.Release|ARM.ActiveCfg = Release|Any CPU
		{CFF091E3-BF8D-4D05-999F-B813989D3CD7}.Release|ARM.Build.0 = Release|Any CPU
		{CFF091E3-BF8D-4D05-999F-B813989D3CD7}.Release|x64.ActiveCfg = Release|Any CPU
		{CFF091E3-BF8D-4D05-999F-B813989D3CD7}.Release|x64.Build.0 = Release|Any CPU
		{CFF091E3-BF8D-4D05-999F-B813989D3CD7}.Release|x86.ActiveCfg = Release|Any CPU
		{CFF091E3-BF8D-4D05-999F-B813989D3CD7}.Release|x86.Build.0 = Release|Any CPU
		{A95054C9-3E6F-4B6C-877A-7EEBF7B11A7F}.Debug|Any CPU.ActiveCfg = Debug|Any CPU
		{A95054C9-3E6F-4B6C-877A-7EEBF7B11A7F}.Debug|Any CPU.Build.0 = Debug|Any CPU
		{A95054C9-3E6F-4B6C-877A-7EEBF7B11A7F}.Debug|ARM.ActiveCfg = Debug|Any CPU
		{A95054C9-3E6F-4B6C-877A-7EEBF7B11A7F}.Debug|ARM.Build.0 = Debug|Any CPU
		{A95054C9-3E6F-4B6C-877A-7EEBF7B11A7F}.Debug|x64.ActiveCfg = Debug|Any CPU
		{A95054C9-3E6F-4B6C-877A-7EEBF7B11A7F}.Debug|x64.Build.0 = Debug|Any CPU
		{A95054C9-3E6F-4B6C-877A-7EEBF7B11A7F}.Debug|x86.ActiveCfg = Debug|Any CPU
		{A95054C9-3E6F-4B6C-877A-7EEBF7B11A7F}.Debug|x86.Build.0 = Debug|Any CPU
		{A95054C9-3E6F-4B6C-877A-7EEBF7B11A7F}.Release|Any CPU.ActiveCfg = Release|Any CPU
		{A95054C9-3E6F-4B6C-877A-7EEBF7B11A7F}.Release|Any CPU.Build.0 = Release|Any CPU
		{A95054C9-3E6F-4B6C-877A-7EEBF7B11A7F}.Release|ARM.ActiveCfg = Release|Any CPU
		{A95054C9-3E6F-4B6C-877A-7EEBF7B11A7F}.Release|ARM.Build.0 = Release|Any CPU
		{A95054C9-3E6F-4B6C-877A-7EEBF7B11A7F}.Release|x64.ActiveCfg = Release|Any CPU
		{A95054C9-3E6F-4B6C-877A-7EEBF7B11A7F}.Release|x64.Build.0 = Release|Any CPU
		{A95054C9-3E6F-4B6C-877A-7EEBF7B11A7F}.Release|x86.ActiveCfg = Release|Any CPU
		{A95054C9-3E6F-4B6C-877A-7EEBF7B11A7F}.Release|x86.Build.0 = Release|Any CPU
		{3ABF2D9C-0736-45F7-AEF5-ACE8EE16F6A7}.Debug|Any CPU.ActiveCfg = Debug|Any CPU
		{3ABF2D9C-0736-45F7-AEF5-ACE8EE16F6A7}.Debug|Any CPU.Build.0 = Debug|Any CPU
		{3ABF2D9C-0736-45F7-AEF5-ACE8EE16F6A7}.Debug|ARM.ActiveCfg = Debug|Any CPU
		{3ABF2D9C-0736-45F7-AEF5-ACE8EE16F6A7}.Debug|ARM.Build.0 = Debug|Any CPU
		{3ABF2D9C-0736-45F7-AEF5-ACE8EE16F6A7}.Debug|x64.ActiveCfg = Debug|Any CPU
		{3ABF2D9C-0736-45F7-AEF5-ACE8EE16F6A7}.Debug|x64.Build.0 = Debug|Any CPU
		{3ABF2D9C-0736-45F7-AEF5-ACE8EE16F6A7}.Debug|x86.ActiveCfg = Debug|Any CPU
		{3ABF2D9C-0736-45F7-AEF5-ACE8EE16F6A7}.Debug|x86.Build.0 = Debug|Any CPU
		{3ABF2D9C-0736-45F7-AEF5-ACE8EE16F6A7}.Release|Any CPU.ActiveCfg = Release|Any CPU
		{3ABF2D9C-0736-45F7-AEF5-ACE8EE16F6A7}.Release|Any CPU.Build.0 = Release|Any CPU
		{3ABF2D9C-0736-45F7-AEF5-ACE8EE16F6A7}.Release|ARM.ActiveCfg = Release|Any CPU
		{3ABF2D9C-0736-45F7-AEF5-ACE8EE16F6A7}.Release|ARM.Build.0 = Release|Any CPU
		{3ABF2D9C-0736-45F7-AEF5-ACE8EE16F6A7}.Release|x64.ActiveCfg = Release|Any CPU
		{3ABF2D9C-0736-45F7-AEF5-ACE8EE16F6A7}.Release|x64.Build.0 = Release|Any CPU
		{3ABF2D9C-0736-45F7-AEF5-ACE8EE16F6A7}.Release|x86.ActiveCfg = Release|Any CPU
		{3ABF2D9C-0736-45F7-AEF5-ACE8EE16F6A7}.Release|x86.Build.0 = Release|Any CPU
		{54253EB3-EFB4-4B76-A425-4388F3799784}.Debug|Any CPU.ActiveCfg = Debug|Any CPU
		{54253EB3-EFB4-4B76-A425-4388F3799784}.Debug|Any CPU.Build.0 = Debug|Any CPU
		{54253EB3-EFB4-4B76-A425-4388F3799784}.Debug|ARM.ActiveCfg = Debug|Any CPU
		{54253EB3-EFB4-4B76-A425-4388F3799784}.Debug|ARM.Build.0 = Debug|Any CPU
		{54253EB3-EFB4-4B76-A425-4388F3799784}.Debug|x64.ActiveCfg = Debug|Any CPU
		{54253EB3-EFB4-4B76-A425-4388F3799784}.Debug|x64.Build.0 = Debug|Any CPU
		{54253EB3-EFB4-4B76-A425-4388F3799784}.Debug|x86.ActiveCfg = Debug|Any CPU
		{54253EB3-EFB4-4B76-A425-4388F3799784}.Debug|x86.Build.0 = Debug|Any CPU
		{54253EB3-EFB4-4B76-A425-4388F3799784}.Release|Any CPU.ActiveCfg = Release|Any CPU
		{54253EB3-EFB4-4B76-A425-4388F3799784}.Release|Any CPU.Build.0 = Release|Any CPU
		{54253EB3-EFB4-4B76-A425-4388F3799784}.Release|ARM.ActiveCfg = Release|Any CPU
		{54253EB3-EFB4-4B76-A425-4388F3799784}.Release|ARM.Build.0 = Release|Any CPU
		{54253EB3-EFB4-4B76-A425-4388F3799784}.Release|x64.ActiveCfg = Release|Any CPU
		{54253EB3-EFB4-4B76-A425-4388F3799784}.Release|x64.Build.0 = Release|Any CPU
		{54253EB3-EFB4-4B76-A425-4388F3799784}.Release|x86.ActiveCfg = Release|Any CPU
		{54253EB3-EFB4-4B76-A425-4388F3799784}.Release|x86.Build.0 = Release|Any CPU
		{C1C17E1B-8D7E-4DE7-837A-DB3A0E6D790E}.Debug|Any CPU.ActiveCfg = Debug|Any CPU
		{C1C17E1B-8D7E-4DE7-837A-DB3A0E6D790E}.Debug|Any CPU.Build.0 = Debug|Any CPU
		{C1C17E1B-8D7E-4DE7-837A-DB3A0E6D790E}.Debug|Any CPU.Deploy.0 = Debug|Any CPU
		{C1C17E1B-8D7E-4DE7-837A-DB3A0E6D790E}.Debug|ARM.ActiveCfg = Debug|ARM
		{C1C17E1B-8D7E-4DE7-837A-DB3A0E6D790E}.Debug|ARM.Build.0 = Debug|ARM
		{C1C17E1B-8D7E-4DE7-837A-DB3A0E6D790E}.Debug|ARM.Deploy.0 = Debug|ARM
		{C1C17E1B-8D7E-4DE7-837A-DB3A0E6D790E}.Debug|x64.ActiveCfg = Debug|x64
		{C1C17E1B-8D7E-4DE7-837A-DB3A0E6D790E}.Debug|x64.Build.0 = Debug|x64
		{C1C17E1B-8D7E-4DE7-837A-DB3A0E6D790E}.Debug|x64.Deploy.0 = Debug|x64
		{C1C17E1B-8D7E-4DE7-837A-DB3A0E6D790E}.Debug|x86.ActiveCfg = Debug|x86
		{C1C17E1B-8D7E-4DE7-837A-DB3A0E6D790E}.Debug|x86.Build.0 = Debug|x86
		{C1C17E1B-8D7E-4DE7-837A-DB3A0E6D790E}.Debug|x86.Deploy.0 = Debug|x86
		{C1C17E1B-8D7E-4DE7-837A-DB3A0E6D790E}.Release|Any CPU.ActiveCfg = Release|Any CPU
		{C1C17E1B-8D7E-4DE7-837A-DB3A0E6D790E}.Release|Any CPU.Build.0 = Release|Any CPU
		{C1C17E1B-8D7E-4DE7-837A-DB3A0E6D790E}.Release|Any CPU.Deploy.0 = Release|Any CPU
		{C1C17E1B-8D7E-4DE7-837A-DB3A0E6D790E}.Release|ARM.ActiveCfg = Release|ARM
		{C1C17E1B-8D7E-4DE7-837A-DB3A0E6D790E}.Release|ARM.Build.0 = Release|ARM
		{C1C17E1B-8D7E-4DE7-837A-DB3A0E6D790E}.Release|ARM.Deploy.0 = Release|ARM
		{C1C17E1B-8D7E-4DE7-837A-DB3A0E6D790E}.Release|x64.ActiveCfg = Release|x64
		{C1C17E1B-8D7E-4DE7-837A-DB3A0E6D790E}.Release|x64.Build.0 = Release|x64
		{C1C17E1B-8D7E-4DE7-837A-DB3A0E6D790E}.Release|x64.Deploy.0 = Release|x64
		{C1C17E1B-8D7E-4DE7-837A-DB3A0E6D790E}.Release|x86.ActiveCfg = Release|x86
		{C1C17E1B-8D7E-4DE7-837A-DB3A0E6D790E}.Release|x86.Build.0 = Release|x86
		{C1C17E1B-8D7E-4DE7-837A-DB3A0E6D790E}.Release|x86.Deploy.0 = Release|x86
		{AC5BB80E-3A6D-4760-99CF-69ECFD8B6E3E}.Debug|Any CPU.ActiveCfg = Debug|Any CPU
		{AC5BB80E-3A6D-4760-99CF-69ECFD8B6E3E}.Debug|Any CPU.Build.0 = Debug|Any CPU
		{AC5BB80E-3A6D-4760-99CF-69ECFD8B6E3E}.Debug|ARM.ActiveCfg = Debug|Any CPU
		{AC5BB80E-3A6D-4760-99CF-69ECFD8B6E3E}.Debug|ARM.Build.0 = Debug|Any CPU
		{AC5BB80E-3A6D-4760-99CF-69ECFD8B6E3E}.Debug|x64.ActiveCfg = Debug|Any CPU
		{AC5BB80E-3A6D-4760-99CF-69ECFD8B6E3E}.Debug|x64.Build.0 = Debug|Any CPU
		{AC5BB80E-3A6D-4760-99CF-69ECFD8B6E3E}.Debug|x86.ActiveCfg = Debug|Any CPU
		{AC5BB80E-3A6D-4760-99CF-69ECFD8B6E3E}.Debug|x86.Build.0 = Debug|Any CPU
		{AC5BB80E-3A6D-4760-99CF-69ECFD8B6E3E}.Release|Any CPU.ActiveCfg = Release|Any CPU
		{AC5BB80E-3A6D-4760-99CF-69ECFD8B6E3E}.Release|Any CPU.Build.0 = Release|Any CPU
		{AC5BB80E-3A6D-4760-99CF-69ECFD8B6E3E}.Release|ARM.ActiveCfg = Release|Any CPU
		{AC5BB80E-3A6D-4760-99CF-69ECFD8B6E3E}.Release|ARM.Build.0 = Release|Any CPU
		{AC5BB80E-3A6D-4760-99CF-69ECFD8B6E3E}.Release|x64.ActiveCfg = Release|Any CPU
		{AC5BB80E-3A6D-4760-99CF-69ECFD8B6E3E}.Release|x64.Build.0 = Release|Any CPU
		{AC5BB80E-3A6D-4760-99CF-69ECFD8B6E3E}.Release|x86.ActiveCfg = Release|Any CPU
		{AC5BB80E-3A6D-4760-99CF-69ECFD8B6E3E}.Release|x86.Build.0 = Release|Any CPU
	EndGlobalSection
	GlobalSection(SolutionProperties) = preSolution
		HideSolutionNode = FALSE
	EndGlobalSection
	GlobalSection(ExtensibilityGlobals) = postSolution
		SolutionGuid = {460F81E7-F8AC-44F5-95C6-7CF9206D9C1D}
	EndGlobalSection
EndGlobal
